
Microsoft Visual Studio Solution File, Format Version 12.00
# Visual Studio Version 16
VisualStudioVersion = 16.0.30717.126
MinimumVisualStudioVersion = 10.0.40219.1
Project("{9A19103F-16F7-4668-BE54-9A1E7A4F7556}") = "Dnote.H5P", "Dnote.H5P\Dnote.H5P.csproj", "{3DBC3197-F8C5-46BC-8494-39AF55A7361B}"
EndProject
Project("{FAE04EC0-301F-11D3-BF4B-00C04F79EFBC}") = "Dnote.H5P.Test", "Dnote.H5P.Test\Dnote.H5P.Test.csproj", "{E8012235-11BC-4DFD-97CD-58D7B538093B}"
EndProject
Project("{2150E333-8FDC-42A3-9474-1A3956D46DE8}") = "Solution Items", "Solution Items", "{39CCE4DD-2EE6-46A7-BA30-87E12A2CAAF1}"
	ProjectSection(SolutionItems) = preProject
		.editorconfig = .editorconfig
		README.md = README.md
	EndProjectSection
EndProject
Project("{2150E333-8FDC-42A3-9474-1A3956D46DE8}") = "2 TEST", "2 TEST", "{8A69EC0B-18EB-48A4-9E29-ABD733453EAD}"
EndProject
Project("{2150E333-8FDC-42A3-9474-1A3956D46DE8}") = "1 CODE", "1 CODE", "{0B1F57AC-4859-4C77-9010-B511BDF5EA52}"
EndProject
Project("{FAE04EC0-301F-11D3-BF4B-00C04F79EFBC}") = "Dnote.H5P.NetFW.TestWebSite", "Dnote.H5P.NetFW.TestWebSite\Dnote.H5P.NetFW.TestWebSite.csproj", "{EB1EE6C8-586C-4D6C-A6E7-8C4E033C041F}"
EndProject
Global
	GlobalSection(SolutionConfigurationPlatforms) = preSolution
		Debug|Any CPU = Debug|Any CPU
		Release|Any CPU = Release|Any CPU
	EndGlobalSection
	GlobalSection(ProjectConfigurationPlatforms) = postSolution
		{3DBC3197-F8C5-46BC-8494-39AF55A7361B}.Debug|Any CPU.ActiveCfg = Debug|Any CPU
		{3DBC3197-F8C5-46BC-8494-39AF55A7361B}.Debug|Any CPU.Build.0 = Debug|Any CPU
		{3DBC3197-F8C5-46BC-8494-39AF55A7361B}.Release|Any CPU.ActiveCfg = Release|Any CPU
		{3DBC3197-F8C5-46BC-8494-39AF55A7361B}.Release|Any CPU.Build.0 = Release|Any CPU
		{E8012235-11BC-4DFD-97CD-58D7B538093B}.Debug|Any CPU.ActiveCfg = Debug|Any CPU
		{E8012235-11BC-4DFD-97CD-58D7B538093B}.Debug|Any CPU.Build.0 = Debug|Any CPU
		{E8012235-11BC-4DFD-97CD-58D7B538093B}.Release|Any CPU.ActiveCfg = Release|Any CPU
		{E8012235-11BC-4DFD-97CD-58D7B538093B}.Release|Any CPU.Build.0 = Release|Any CPU
		{EB1EE6C8-586C-4D6C-A6E7-8C4E033C041F}.Debug|Any CPU.ActiveCfg = Debug|Any CPU
		{EB1EE6C8-586C-4D6C-A6E7-8C4E033C041F}.Debug|Any CPU.Build.0 = Debug|Any CPU
		{EB1EE6C8-586C-4D6C-A6E7-8C4E033C041F}.Release|Any CPU.ActiveCfg = Release|Any CPU
		{EB1EE6C8-586C-4D6C-A6E7-8C4E033C041F}.Release|Any CPU.Build.0 = Release|Any CPU
	EndGlobalSection
	GlobalSection(SolutionProperties) = preSolution
		HideSolutionNode = FALSE
	EndGlobalSection
	GlobalSection(NestedProjects) = preSolution
		{3DBC3197-F8C5-46BC-8494-39AF55A7361B} = {0B1F57AC-4859-4C77-9010-B511BDF5EA52}
		{E8012235-11BC-4DFD-97CD-58D7B538093B} = {8A69EC0B-18EB-48A4-9E29-ABD733453EAD}
		{EB1EE6C8-586C-4D6C-A6E7-8C4E033C041F} = {8A69EC0B-18EB-48A4-9E29-ABD733453EAD}
	EndGlobalSection
	GlobalSection(ExtensibilityGlobals) = postSolution
		SolutionGuid = {29F8C190-D699-4609-84E1-16C133AE92E3}
	EndGlobalSection
EndGlobal
